
Microsoft Visual Studio Solution File, Format Version 12.00
# Visual Studio 15
VisualStudioVersion = 15.0.27130.2027
MinimumVisualStudioVersion = 10.0.40219.1
Project("{2150E333-8FDC-42A3-9474-1A3956D46DE8}") = "src", "src", "{900005BD-0FC4-4755-B52F-ECE6B81E1C56}"
EndProject
Project("{2150E333-8FDC-42A3-9474-1A3956D46DE8}") = "Logic", "Logic", "{0A1F398F-DA61-498C-8EF7-348A06B321DF}"
EndProject
Project("{2150E333-8FDC-42A3-9474-1A3956D46DE8}") = "Tests", "Tests", "{6E46E82E-38AD-4BD0-8770-4ABF1843912B}"
EndProject
Project("{2150E333-8FDC-42A3-9474-1A3956D46DE8}") = "Ui", "Ui", "{06A39AFE-B673-4398-A3BB-2CCE9DA25C05}"
EndProject
Project("{FAE04EC0-301F-11D3-BF4B-00C04F79EFBC}") = "Tests.Logic.Core", "src\Tests\Tests.Logic.Core\Tests.Logic.Core.csproj", "{31F4D5AE-F265-48C2-A106-8A74CA3A4353}"
EndProject
Project("{FAE04EC0-301F-11D3-BF4B-00C04F79EFBC}") = "Ui.WpfSample", "src\Ui\Ui.WpfSample\Ui.WpfSample.csproj", "{EBDD7360-D04C-48B0-A463-6C5DE5E99301}"
EndProject
Project("{2150E333-8FDC-42A3-9474-1A3956D46DE8}") = "libs", "libs", "{CB223450-EA6D-4513-9DBE-2BA9CEAA4C46}"
	ProjectSection(SolutionItems) = preProject
		libs\PresentationCore.dll = libs\PresentationCore.dll
		libs\PresentationCore.xml = libs\PresentationCore.xml
		libs\System.ComponentModel.DataAnnotations.dll = libs\System.ComponentModel.DataAnnotations.dll
		libs\System.ComponentModel.DataAnnotations.xml = libs\System.ComponentModel.DataAnnotations.xml
		libs\System.Windows.Interactivity.dll = libs\System.Windows.Interactivity.dll
		libs\System.Windows.Interactivity.xml = libs\System.Windows.Interactivity.xml
		libs\WindowsBase.dll = libs\WindowsBase.dll
		libs\WindowsBase.xml = libs\WindowsBase.xml
	EndProjectSection
EndProject
Project("{2150E333-8FDC-42A3-9474-1A3956D46DE8}") = "build", "build", "{A4ED4C71-3350-41DD-A441-FF6BA76161E6}"
	ProjectSection(SolutionItems) = preProject
		build\ApplyVersionToAssemblies.ps1 = build\ApplyVersionToAssemblies.ps1
		build\CheckNuGetVersion.ps1 = build\CheckNuGetVersion.ps1
	EndProjectSection
EndProject
Project("{FAE04EC0-301F-11D3-BF4B-00C04F79EFBC}") = "Ui.AutoWireupSample", "src\Ui\Ui.AutoWireupSample\Ui.AutoWireupSample.csproj", "{FFE51643-DE28-4743-A139-4DDBA518E3FC}"
EndProject
Project("{9A19103F-16F7-4668-BE54-9A1E7A4F7556}") = "Logic.Core", "src\Logic\Logic.Core\Logic.Core.csproj", "{F3A458ED-2858-4916-B108-3BBEE752C5F8}"
EndProject
Project("{FAE04EC0-301F-11D3-BF4B-00C04F79EFBC}") = "Logic.WpfSample", "src\Logic\Logic.WpfSample\Logic.WpfSample.csproj", "{72D74399-C5AE-4CD3-A6CA-B61017D2C3F4}"
EndProject
Global
	GlobalSection(SolutionConfigurationPlatforms) = preSolution
		Debug|Any CPU = Debug|Any CPU
		Release|Any CPU = Release|Any CPU
	EndGlobalSection
	GlobalSection(ProjectConfigurationPlatforms) = postSolution
		{31F4D5AE-F265-48C2-A106-8A74CA3A4353}.Debug|Any CPU.ActiveCfg = Debug|Any CPU
		{31F4D5AE-F265-48C2-A106-8A74CA3A4353}.Debug|Any CPU.Build.0 = Debug|Any CPU
		{31F4D5AE-F265-48C2-A106-8A74CA3A4353}.Release|Any CPU.ActiveCfg = Release|Any CPU
		{31F4D5AE-F265-48C2-A106-8A74CA3A4353}.Release|Any CPU.Build.0 = Release|Any CPU
		{EBDD7360-D04C-48B0-A463-6C5DE5E99301}.Debug|Any CPU.ActiveCfg = Debug|Any CPU
		{EBDD7360-D04C-48B0-A463-6C5DE5E99301}.Debug|Any CPU.Build.0 = Debug|Any CPU
		{EBDD7360-D04C-48B0-A463-6C5DE5E99301}.Release|Any CPU.ActiveCfg = Release|Any CPU
		{EBDD7360-D04C-48B0-A463-6C5DE5E99301}.Release|Any CPU.Build.0 = Release|Any CPU
		{FFE51643-DE28-4743-A139-4DDBA518E3FC}.Debug|Any CPU.ActiveCfg = Debug|Any CPU
		{FFE51643-DE28-4743-A139-4DDBA518E3FC}.Debug|Any CPU.Build.0 = Debug|Any CPU
		{FFE51643-DE28-4743-A139-4DDBA518E3FC}.Release|Any CPU.ActiveCfg = Release|Any CPU
		{FFE51643-DE28-4743-A139-4DDBA518E3FC}.Release|Any CPU.Build.0 = Release|Any CPU
		{F3A458ED-2858-4916-B108-3BBEE752C5F8}.Debug|Any CPU.ActiveCfg = Debug|Any CPU
		{F3A458ED-2858-4916-B108-3BBEE752C5F8}.Debug|Any CPU.Build.0 = Debug|Any CPU
		{F3A458ED-2858-4916-B108-3BBEE752C5F8}.Release|Any CPU.ActiveCfg = Release|Any CPU
		{F3A458ED-2858-4916-B108-3BBEE752C5F8}.Release|Any CPU.Build.0 = Release|Any CPU
		{72D74399-C5AE-4CD3-A6CA-B61017D2C3F4}.Debug|Any CPU.ActiveCfg = Debug|Any CPU
		{72D74399-C5AE-4CD3-A6CA-B61017D2C3F4}.Debug|Any CPU.Build.0 = Debug|Any CPU
		{72D74399-C5AE-4CD3-A6CA-B61017D2C3F4}.Release|Any CPU.ActiveCfg = Release|Any CPU
		{72D74399-C5AE-4CD3-A6CA-B61017D2C3F4}.Release|Any CPU.Build.0 = Release|Any CPU
	EndGlobalSection
	GlobalSection(SolutionProperties) = preSolution
		HideSolutionNode = FALSE
	EndGlobalSection
	GlobalSection(NestedProjects) = preSolution
		{0A1F398F-DA61-498C-8EF7-348A06B321DF} = {900005BD-0FC4-4755-B52F-ECE6B81E1C56}
		{6E46E82E-38AD-4BD0-8770-4ABF1843912B} = {900005BD-0FC4-4755-B52F-ECE6B81E1C56}
		{06A39AFE-B673-4398-A3BB-2CCE9DA25C05} = {900005BD-0FC4-4755-B52F-ECE6B81E1C56}
		{31F4D5AE-F265-48C2-A106-8A74CA3A4353} = {6E46E82E-38AD-4BD0-8770-4ABF1843912B}
		{EBDD7360-D04C-48B0-A463-6C5DE5E99301} = {06A39AFE-B673-4398-A3BB-2CCE9DA25C05}
		{FFE51643-DE28-4743-A139-4DDBA518E3FC} = {06A39AFE-B673-4398-A3BB-2CCE9DA25C05}
		{F3A458ED-2858-4916-B108-3BBEE752C5F8} = {0A1F398F-DA61-498C-8EF7-348A06B321DF}
		{72D74399-C5AE-4CD3-A6CA-B61017D2C3F4} = {0A1F398F-DA61-498C-8EF7-348A06B321DF}
	EndGlobalSection
	GlobalSection(ExtensibilityGlobals) = postSolution
		SolutionGuid = {6673B594-C7C6-412B-B5A3-9797458DAD5A}
	EndGlobalSection
EndGlobal
